
Microsoft Visual Studio Solution File, Format Version 12.00
# Visual Studio Version 16
VisualStudioVersion = 16.0.32228.343
MinimumVisualStudioVersion = 10.0.40219.1
Project("{FAE04EC0-301F-11D3-BF4B-00C04F79EFBC}") = "SenaiSCSV14", "SenaiSCSV14.csproj", "{0128FC6E-2C94-485E-9668-52C7DADB595C}"
EndProject
Global
	GlobalSection(SolutionConfigurationPlatforms) = preSolution
		Debug|Any CPU = Debug|Any CPU
		Release|Any CPU = Release|Any CPU
	EndGlobalSection
	GlobalSection(ProjectConfigurationPlatforms) = postSolution
		{0128FC6E-2C94-485E-9668-52C7DADB595C}.Debug|Any CPU.ActiveCfg = Debug|Any CPU
		{0128FC6E-2C94-485E-9668-52C7DADB595C}.Debug|Any CPU.Build.0 = Debug|Any CPU
		{0128FC6E-2C94-485E-9668-52C7DADB595C}.Release|Any CPU.ActiveCfg = Release|Any CPU
		{0128FC6E-2C94-485E-9668-52C7DADB595C}.Release|Any CPU.Build.0 = Release|Any CPU
	EndGlobalSection
	GlobalSection(SolutionProperties) = preSolution
		HideSolutionNode = FALSE
	EndGlobalSection
	GlobalSection(ExtensibilityGlobals) = postSolution
		SolutionGuid = {4FE8EEA7-EDD8-46E0-A380-18FE5C489BA2}
	EndGlobalSection
EndGlobal
